<Solution>
  <Configurations>
    <Platform Name="Any CPU" />
    <Platform Name="arm64" />
    <Platform Name="x86" />
  </Configurations>
  <Project Path="LocalPilot.csproj" Id="acca91a1-aec7-4d56-a7eb-7a300406ce9e">
    <Platform Solution="*|arm64" Project="arm64" />
    <Platform Solution="*|x86" Project="x86" />
    <Deploy Solution="Debug|Any CPU" />
  </Project>
</Solution>
